# auto-generated by grc.converter

id: edacs_find_chan_nums
label: Find Channel Numbers
category: '[EDACS]'

parameters:
-   id: freq_list
    label: Frequencies
    dtype: float_vector
    default: 866.0375, 866.2875, 866.5375, 866.7875, 867.0375, 867.2875, 867.5375,
        867.7875, 868.0375, 868.2875, 868.5375, 868.7875, 866.0625, 866.3125, 866.5625,
        866.8125, 867.0625, 867.3125, 867.5625, 867.8125
-   id: center_freq
    label: Center Frequency
    dtype: float
    default: '867.4105'
-   id: samp_rate
    label: Sample Rate
    dtype: float
    default: '4000000'
-   id: threshold
    label: Threshold
    dtype: float
    default: '0.1'

inputs:
-   domain: stream
    dtype: complex
-   domain: message
    id: status_in
    optional: true

outputs:
-   domain: message
    id: status_out
    optional: true

templates:
    imports: import edacs
    make: edacs.find_chan_nums(${freq_list}, ${center_freq}, ${samp_rate}, ${threshold})

documentation: "Description\n      The Find Channel Numbers block is a sink block\
    \ (1:0 input:output) that determines what the channel number of each input frequency\
    \ is.\n\n    Ports:\n    \n      The primary input port accepts complex values\
    \ from the radio source. The status_in port receives a message containing the\
    \ current channel number, the control channel number, and a boolean ctrl_status\
    \ that indicates if the control channel has changed. Messages from this port notifies\
    \ the block that it can check which channels are currently active. The status_out\
    \ port sends a message with a vector containing the known channel mappings. \n\
    \n    Parameters:\n\n      Frequencies (MHz) - The list of channels on the system\
    \ in megahertz. This should be the same list from the Process EDACS Message block.\n\
    \n      Center Frequency (MHz) - The frequency that your SDR is tuned to in megahertz.\n\
    \n      Sample Rate (Hz) - The input sample rate in hertz. \n\n      Threshold\
    \ - The cut off value for determing if a channel is active or not."

file_format: 1
